
Microsoft Visual Studio Solution File, Format Version 12.00
# Visual Studio Version 17
VisualStudioVersion = 17.2.32616.157
MinimumVisualStudioVersion = 10.0.40219.1
Project("{FAE04EC0-301F-11D3-BF4B-00C04F79EFBC}") = "Start", "Start\Start.csproj", "{B0EDC21B-9156-4FBC-8653-8F6D2D3896DA}"
EndProject
Global
	GlobalSection(SolutionConfigurationPlatforms) = preSolution
		Debug|Any CPU = Debug|Any CPU
		Release|Any CPU = Release|Any CPU
	EndGlobalSection
	GlobalSection(ProjectConfigurationPlatforms) = postSolution
		{B0EDC21B-9156-4FBC-8653-8F6D2D3896DA}.Debug|Any CPU.ActiveCfg = Debug|Any CPU
		{B0EDC21B-9156-4FBC-8653-8F6D2D3896DA}.Debug|Any CPU.Build.0 = Debug|Any CPU
		{B0EDC21B-9156-4FBC-8653-8F6D2D3896DA}.Release|Any CPU.ActiveCfg = Release|Any CPU
		{B0EDC21B-9156-4FBC-8653-8F6D2D3896DA}.Release|Any CPU.Build.0 = Release|Any CPU
	EndGlobalSection
	GlobalSection(SolutionProperties) = preSolution
		HideSolutionNode = FALSE
	EndGlobalSection
	GlobalSection(ExtensibilityGlobals) = postSolution
		SolutionGuid = {6291CCD6-B99B-43AB-B285-2F2114DB6C63}
	EndGlobalSection
EndGlobal
