
Microsoft Visual Studio Solution File, Format Version 12.00
# Visual Studio Version 17
VisualStudioVersion = 17.2.32630.192
MinimumVisualStudioVersion = 10.0.40219.1
Project("{9A19103F-16F7-4668-BE54-9A1E7A4F7556}") = "ForumSystem", "ForumSystem\ForumSystem.csproj", "{3EEC2300-1B33-4077-8BBE-4333817EC961}"
EndProject
Project("{9A19103F-16F7-4668-BE54-9A1E7A4F7556}") = "ForumSystem.Tests", "ForumSystem.Tests\ForumSystem.Tests.csproj", "{C08D2C42-E8EA-46A3-8759-459A71FDEFE8}"
EndProject
Global
	GlobalSection(SolutionConfigurationPlatforms) = preSolution
		Debug|Any CPU = Debug|Any CPU
		Release|Any CPU = Release|Any CPU
	EndGlobalSection
	GlobalSection(ProjectConfigurationPlatforms) = postSolution
		{3EEC2300-1B33-4077-8BBE-4333817EC961}.Debug|Any CPU.ActiveCfg = Debug|Any CPU
		{3EEC2300-1B33-4077-8BBE-4333817EC961}.Debug|Any CPU.Build.0 = Debug|Any CPU
		{3EEC2300-1B33-4077-8BBE-4333817EC961}.Release|Any CPU.ActiveCfg = Release|Any CPU
		{3EEC2300-1B33-4077-8BBE-4333817EC961}.Release|Any CPU.Build.0 = Release|Any CPU
		{C08D2C42-E8EA-46A3-8759-459A71FDEFE8}.Debug|Any CPU.ActiveCfg = Debug|Any CPU
		{C08D2C42-E8EA-46A3-8759-459A71FDEFE8}.Debug|Any CPU.Build.0 = Debug|Any CPU
		{C08D2C42-E8EA-46A3-8759-459A71FDEFE8}.Release|Any CPU.ActiveCfg = Release|Any CPU
		{C08D2C42-E8EA-46A3-8759-459A71FDEFE8}.Release|Any CPU.Build.0 = Release|Any CPU
	EndGlobalSection
	GlobalSection(SolutionProperties) = preSolution
		HideSolutionNode = FALSE
	EndGlobalSection
	GlobalSection(ExtensibilityGlobals) = postSolution
		SolutionGuid = {DC4C63B5-E152-4F29-882E-40E8FB9DFC87}
	EndGlobalSection
EndGlobal
