
Microsoft Visual Studio Solution File, Format Version 12.00
# Visual Studio Version 17
VisualStudioVersion = 17.2.32526.322
MinimumVisualStudioVersion = 10.0.40219.1
Project("{9A19103F-16F7-4668-BE54-9A1E7A4F7556}") = "Problem01", "Problem01\Problem01.csproj", "{50E47E3A-6F08-4640-8DA6-F5B20B048B2E}"
EndProject
Project("{FAE04EC0-301F-11D3-BF4B-00C04F79EFBC}") = "Problem 02", "Problem 02\Problem 02.csproj", "{F9D0D9BA-CCBB-4F87-9760-ABD1E94197C2}"
EndProject
Global
	GlobalSection(SolutionConfigurationPlatforms) = preSolution
		Debug|Any CPU = Debug|Any CPU
		Release|Any CPU = Release|Any CPU
	EndGlobalSection
	GlobalSection(ProjectConfigurationPlatforms) = postSolution
		{50E47E3A-6F08-4640-8DA6-F5B20B048B2E}.Debug|Any CPU.ActiveCfg = Debug|Any CPU
		{50E47E3A-6F08-4640-8DA6-F5B20B048B2E}.Debug|Any CPU.Build.0 = Debug|Any CPU
		{50E47E3A-6F08-4640-8DA6-F5B20B048B2E}.Release|Any CPU.ActiveCfg = Release|Any CPU
		{50E47E3A-6F08-4640-8DA6-F5B20B048B2E}.Release|Any CPU.Build.0 = Release|Any CPU
		{F9D0D9BA-CCBB-4F87-9760-ABD1E94197C2}.Debug|Any CPU.ActiveCfg = Debug|Any CPU
		{F9D0D9BA-CCBB-4F87-9760-ABD1E94197C2}.Debug|Any CPU.Build.0 = Debug|Any CPU
		{F9D0D9BA-CCBB-4F87-9760-ABD1E94197C2}.Release|Any CPU.ActiveCfg = Release|Any CPU
		{F9D0D9BA-CCBB-4F87-9760-ABD1E94197C2}.Release|Any CPU.Build.0 = Release|Any CPU
	EndGlobalSection
	GlobalSection(SolutionProperties) = preSolution
		HideSolutionNode = FALSE
	EndGlobalSection
	GlobalSection(ExtensibilityGlobals) = postSolution
		SolutionGuid = {3854B963-7A3B-4B8C-958F-E83B45178A33}
	EndGlobalSection
EndGlobal
