
Microsoft Visual Studio Solution File, Format Version 12.00
# Visual Studio Version 17
VisualStudioVersion = 17.2.32616.157
MinimumVisualStudioVersion = 10.0.40219.1
Project("{9A19103F-16F7-4668-BE54-9A1E7A4F7556}") = "P01 Longest Increasing Sequence", "P01 Longest Increasing Sequence\P01 Longest Increasing Sequence.csproj", "{813D0FC7-E9C2-46DB-80EF-BCE101BECD67}"
EndProject
Project("{FAE04EC0-301F-11D3-BF4B-00C04F79EFBC}") = "P02 Longest Block in String", "P02 Longest Block in String\P02 Longest Block in String.csproj", "{A84EEF90-6E31-49E2-9D21-3F6C82B32F1E}"
EndProject
Project("{FAE04EC0-301F-11D3-BF4B-00C04F79EFBC}") = "P03 Matrix Max Sum", "P03 Matrix Max Sum\P03 Matrix Max Sum.csproj", "{C721FE4A-4604-41F8-A8A4-7FA4B55B36EC}"
EndProject
Project("{FAE04EC0-301F-11D3-BF4B-00C04F79EFBC}") = "Test", "Test\Test.csproj", "{D72E22F4-D36A-4BB3-89B2-78A2CC0872C7}"
EndProject
Project("{FAE04EC0-301F-11D3-BF4B-00C04F79EFBC}") = "P04 Zig Zag", "P04 Zig Zag\P04 Zig Zag.csproj", "{40EE793E-3567-41E0-8DCE-A90243534D90}"
EndProject
Project("{FAE04EC0-301F-11D3-BF4B-00C04F79EFBC}") = "P05 Spiral Matrix", "P05 Spiral Matrix\P05 Spiral Matrix.csproj", "{E1313FB5-91E7-419E-8ADD-27BA371F9F40}"
EndProject
Global
	GlobalSection(SolutionConfigurationPlatforms) = preSolution
		Debug|Any CPU = Debug|Any CPU
		Release|Any CPU = Release|Any CPU
	EndGlobalSection
	GlobalSection(ProjectConfigurationPlatforms) = postSolution
		{813D0FC7-E9C2-46DB-80EF-BCE101BECD67}.Debug|Any CPU.ActiveCfg = Debug|Any CPU
		{813D0FC7-E9C2-46DB-80EF-BCE101BECD67}.Debug|Any CPU.Build.0 = Debug|Any CPU
		{813D0FC7-E9C2-46DB-80EF-BCE101BECD67}.Release|Any CPU.ActiveCfg = Release|Any CPU
		{813D0FC7-E9C2-46DB-80EF-BCE101BECD67}.Release|Any CPU.Build.0 = Release|Any CPU
		{A84EEF90-6E31-49E2-9D21-3F6C82B32F1E}.Debug|Any CPU.ActiveCfg = Debug|Any CPU
		{A84EEF90-6E31-49E2-9D21-3F6C82B32F1E}.Debug|Any CPU.Build.0 = Debug|Any CPU
		{A84EEF90-6E31-49E2-9D21-3F6C82B32F1E}.Release|Any CPU.ActiveCfg = Release|Any CPU
		{A84EEF90-6E31-49E2-9D21-3F6C82B32F1E}.Release|Any CPU.Build.0 = Release|Any CPU
		{C721FE4A-4604-41F8-A8A4-7FA4B55B36EC}.Debug|Any CPU.ActiveCfg = Debug|Any CPU
		{C721FE4A-4604-41F8-A8A4-7FA4B55B36EC}.Debug|Any CPU.Build.0 = Debug|Any CPU
		{C721FE4A-4604-41F8-A8A4-7FA4B55B36EC}.Release|Any CPU.ActiveCfg = Release|Any CPU
		{C721FE4A-4604-41F8-A8A4-7FA4B55B36EC}.Release|Any CPU.Build.0 = Release|Any CPU
		{D72E22F4-D36A-4BB3-89B2-78A2CC0872C7}.Debug|Any CPU.ActiveCfg = Debug|Any CPU
		{D72E22F4-D36A-4BB3-89B2-78A2CC0872C7}.Debug|Any CPU.Build.0 = Debug|Any CPU
		{D72E22F4-D36A-4BB3-89B2-78A2CC0872C7}.Release|Any CPU.ActiveCfg = Release|Any CPU
		{D72E22F4-D36A-4BB3-89B2-78A2CC0872C7}.Release|Any CPU.Build.0 = Release|Any CPU
		{40EE793E-3567-41E0-8DCE-A90243534D90}.Debug|Any CPU.ActiveCfg = Debug|Any CPU
		{40EE793E-3567-41E0-8DCE-A90243534D90}.Debug|Any CPU.Build.0 = Debug|Any CPU
		{40EE793E-3567-41E0-8DCE-A90243534D90}.Release|Any CPU.ActiveCfg = Release|Any CPU
		{40EE793E-3567-41E0-8DCE-A90243534D90}.Release|Any CPU.Build.0 = Release|Any CPU
		{E1313FB5-91E7-419E-8ADD-27BA371F9F40}.Debug|Any CPU.ActiveCfg = Debug|Any CPU
		{E1313FB5-91E7-419E-8ADD-27BA371F9F40}.Debug|Any CPU.Build.0 = Debug|Any CPU
		{E1313FB5-91E7-419E-8ADD-27BA371F9F40}.Release|Any CPU.ActiveCfg = Release|Any CPU
		{E1313FB5-91E7-419E-8ADD-27BA371F9F40}.Release|Any CPU.Build.0 = Release|Any CPU
	EndGlobalSection
	GlobalSection(SolutionProperties) = preSolution
		HideSolutionNode = FALSE
	EndGlobalSection
	GlobalSection(ExtensibilityGlobals) = postSolution
		SolutionGuid = {104BE287-0DDC-4736-BBC7-BDF9B43C5F6F}
	EndGlobalSection
EndGlobal
