
Microsoft Visual Studio Solution File, Format Version 12.00
# Visual Studio Version 16
VisualStudioVersion = 16.0.30621.155
MinimumVisualStudioVersion = 10.0.40219.1
Project("{9A19103F-16F7-4668-BE54-9A1E7A4F7556}") = "Tasks", "Tasks\Tasks.csproj", "{FB5C0EAE-7170-4D6E-BD59-2CB144E9197E}"
EndProject
Project("{9A19103F-16F7-4668-BE54-9A1E7A4F7556}") = "Tests", "Tests\Tests.csproj", "{729D52F2-5BA6-40E8-8260-76025C6634F9}"
EndProject
Global
	GlobalSection(SolutionConfigurationPlatforms) = preSolution
		Debug|Any CPU = Debug|Any CPU
		Release|Any CPU = Release|Any CPU
	EndGlobalSection
	GlobalSection(ProjectConfigurationPlatforms) = postSolution
		{FB5C0EAE-7170-4D6E-BD59-2CB144E9197E}.Debug|Any CPU.ActiveCfg = Debug|Any CPU
		{FB5C0EAE-7170-4D6E-BD59-2CB144E9197E}.Debug|Any CPU.Build.0 = Debug|Any CPU
		{FB5C0EAE-7170-4D6E-BD59-2CB144E9197E}.Release|Any CPU.ActiveCfg = Release|Any CPU
		{FB5C0EAE-7170-4D6E-BD59-2CB144E9197E}.Release|Any CPU.Build.0 = Release|Any CPU
		{729D52F2-5BA6-40E8-8260-76025C6634F9}.Debug|Any CPU.ActiveCfg = Debug|Any CPU
		{729D52F2-5BA6-40E8-8260-76025C6634F9}.Debug|Any CPU.Build.0 = Debug|Any CPU
		{729D52F2-5BA6-40E8-8260-76025C6634F9}.Release|Any CPU.ActiveCfg = Release|Any CPU
		{729D52F2-5BA6-40E8-8260-76025C6634F9}.Release|Any CPU.Build.0 = Release|Any CPU
	EndGlobalSection
	GlobalSection(SolutionProperties) = preSolution
		HideSolutionNode = FALSE
	EndGlobalSection
	GlobalSection(ExtensibilityGlobals) = postSolution
		SolutionGuid = {A77CFFEC-D7B3-41BB-8A87-2396C66DE2E0}
	EndGlobalSection
EndGlobal
