
Microsoft Visual Studio Solution File, Format Version 12.00
# Visual Studio Version 16
VisualStudioVersion = 16.0.30621.155
MinimumVisualStudioVersion = 10.0.40219.1
Project("{FAE04EC0-301F-11D3-BF4B-00C04F79EFBC}") = "HashTable", "HashTable\HashTable.csproj", "{F0D22339-D2D4-4A54-95B0-FA68197D0BB8}"
EndProject
Global
	GlobalSection(SolutionConfigurationPlatforms) = preSolution
		Debug|Any CPU = Debug|Any CPU
		Release|Any CPU = Release|Any CPU
	EndGlobalSection
	GlobalSection(ProjectConfigurationPlatforms) = postSolution
		{F0D22339-D2D4-4A54-95B0-FA68197D0BB8}.Debug|Any CPU.ActiveCfg = Debug|Any CPU
		{F0D22339-D2D4-4A54-95B0-FA68197D0BB8}.Debug|Any CPU.Build.0 = Debug|Any CPU
		{F0D22339-D2D4-4A54-95B0-FA68197D0BB8}.Release|Any CPU.ActiveCfg = Release|Any CPU
		{F0D22339-D2D4-4A54-95B0-FA68197D0BB8}.Release|Any CPU.Build.0 = Release|Any CPU
	EndGlobalSection
	GlobalSection(SolutionProperties) = preSolution
		HideSolutionNode = FALSE
	EndGlobalSection
	GlobalSection(ExtensibilityGlobals) = postSolution
		SolutionGuid = {41562E75-D449-4BE6-910B-EFC7391028DA}
	EndGlobalSection
EndGlobal
