
Microsoft Visual Studio Solution File, Format Version 12.00
# Visual Studio Version 16
VisualStudioVersion = 16.0.30621.155
MinimumVisualStudioVersion = 10.0.40219.1
Project("{9A19103F-16F7-4668-BE54-9A1E7A4F7556}") = "Set", "Set.csproj", "{61E3FCF3-C08C-49EF-BB5A-53229A89E471}"
EndProject
Global
	GlobalSection(SolutionConfigurationPlatforms) = preSolution
		Debug|Any CPU = Debug|Any CPU
		Release|Any CPU = Release|Any CPU
	EndGlobalSection
	GlobalSection(ProjectConfigurationPlatforms) = postSolution
		{61E3FCF3-C08C-49EF-BB5A-53229A89E471}.Debug|Any CPU.ActiveCfg = Debug|Any CPU
		{61E3FCF3-C08C-49EF-BB5A-53229A89E471}.Debug|Any CPU.Build.0 = Debug|Any CPU
		{61E3FCF3-C08C-49EF-BB5A-53229A89E471}.Release|Any CPU.ActiveCfg = Release|Any CPU
		{61E3FCF3-C08C-49EF-BB5A-53229A89E471}.Release|Any CPU.Build.0 = Release|Any CPU
	EndGlobalSection
	GlobalSection(SolutionProperties) = preSolution
		HideSolutionNode = FALSE
	EndGlobalSection
	GlobalSection(ExtensibilityGlobals) = postSolution
		SolutionGuid = {5F11246B-2D20-45A1-B572-A8B275166604}
	EndGlobalSection
EndGlobal
