
Microsoft Visual Studio Solution File, Format Version 12.00
# Visual Studio Version 17
VisualStudioVersion = 17.2.32616.157
MinimumVisualStudioVersion = 10.0.40219.1
Project("{FAE04EC0-301F-11D3-BF4B-00C04F79EFBC}") = "Format", "FormatException\Format.csproj", "{8C493622-E93E-4375-ADEF-D6DD9A7E6E9D}"
EndProject
Project("{FAE04EC0-301F-11D3-BF4B-00C04F79EFBC}") = "Test2", "Test2\Test2.csproj", "{F4995B35-D4C8-447C-B8CB-BAB2DAB5D842}"
EndProject
Global
	GlobalSection(SolutionConfigurationPlatforms) = preSolution
		Debug|Any CPU = Debug|Any CPU
		Release|Any CPU = Release|Any CPU
	EndGlobalSection
	GlobalSection(ProjectConfigurationPlatforms) = postSolution
		{8C493622-E93E-4375-ADEF-D6DD9A7E6E9D}.Debug|Any CPU.ActiveCfg = Debug|Any CPU
		{8C493622-E93E-4375-ADEF-D6DD9A7E6E9D}.Debug|Any CPU.Build.0 = Debug|Any CPU
		{8C493622-E93E-4375-ADEF-D6DD9A7E6E9D}.Release|Any CPU.ActiveCfg = Release|Any CPU
		{8C493622-E93E-4375-ADEF-D6DD9A7E6E9D}.Release|Any CPU.Build.0 = Release|Any CPU
		{F4995B35-D4C8-447C-B8CB-BAB2DAB5D842}.Debug|Any CPU.ActiveCfg = Debug|Any CPU
		{F4995B35-D4C8-447C-B8CB-BAB2DAB5D842}.Debug|Any CPU.Build.0 = Debug|Any CPU
		{F4995B35-D4C8-447C-B8CB-BAB2DAB5D842}.Release|Any CPU.ActiveCfg = Release|Any CPU
		{F4995B35-D4C8-447C-B8CB-BAB2DAB5D842}.Release|Any CPU.Build.0 = Release|Any CPU
	EndGlobalSection
	GlobalSection(SolutionProperties) = preSolution
		HideSolutionNode = FALSE
	EndGlobalSection
	GlobalSection(ExtensibilityGlobals) = postSolution
		SolutionGuid = {5D447DFB-83FB-469B-858F-05D89F817841}
	EndGlobalSection
EndGlobal
