
Microsoft Visual Studio Solution File, Format Version 12.00
# Visual Studio Version 16
VisualStudioVersion = 16.0.30621.155
MinimumVisualStudioVersion = 10.0.40219.1
Project("{9A19103F-16F7-4668-BE54-9A1E7A4F7556}") = "Map", "Map.csproj", "{C2020FC9-D8E5-4F16-8B2D-41FFC05A03F1}"
EndProject
Global
	GlobalSection(SolutionConfigurationPlatforms) = preSolution
		Debug|Any CPU = Debug|Any CPU
		Release|Any CPU = Release|Any CPU
	EndGlobalSection
	GlobalSection(ProjectConfigurationPlatforms) = postSolution
		{C2020FC9-D8E5-4F16-8B2D-41FFC05A03F1}.Debug|Any CPU.ActiveCfg = Debug|Any CPU
		{C2020FC9-D8E5-4F16-8B2D-41FFC05A03F1}.Debug|Any CPU.Build.0 = Debug|Any CPU
		{C2020FC9-D8E5-4F16-8B2D-41FFC05A03F1}.Release|Any CPU.ActiveCfg = Release|Any CPU
		{C2020FC9-D8E5-4F16-8B2D-41FFC05A03F1}.Release|Any CPU.Build.0 = Release|Any CPU
	EndGlobalSection
	GlobalSection(SolutionProperties) = preSolution
		HideSolutionNode = FALSE
	EndGlobalSection
	GlobalSection(ExtensibilityGlobals) = postSolution
		SolutionGuid = {53E7A632-A199-4629-9C51-3A94EF3D02F3}
	EndGlobalSection
EndGlobal
